{
    "_meta": {
        "hash": {
            "sha256": "afe18823faf8c541d4200e18801c281f9db05d17237b63b32c376742ba51cc39"
        },
        "pipfile-spec": 6,
        "requires": {
            "python_version": "3.6"
        },
        "sources": [
            {
                "name": "pypi",
                "url": "https://pypi.org/simple",
                "verify_ssl": true
            }
        ]
    },
    "default": {
        "asn1crypto": {
            "hashes": [
                "sha256:cbbadd640d3165ab24b06ef25d1dca09a3441611ac15f6a6b452474fdf0aed1a",
                "sha256:d232509fefcfcdb9a331f37e9c9dc20441019ad927c7d2176cf18ed5da0ba097"
            ],
            "index": "pypi",
            "version": "==0.22.0"
        },
        "cffi": {
            "hashes": [
                "sha256:1426e67e855ef7f5030c9184f4f1a9f4bfa020c31c962cd41fd129ec5aef4a6a",
                "sha256:267dd2c66a5760c5f4d47e2ebcf8eeac7ef01e1ae6ae7a6d0d241a290068bc38",
                "sha256:285ab352552f52f1398c912556d4d36d4ea9b8450e5c65d03809bf9886755533",
                "sha256:446699c10f3c390633d0722bc19edbc7ac4b94761918a4a4f7908a24e86ebbd0",
                "sha256:4fc9c2ff7924b3a1fa326e1799e5dd58cac585d7fb25fe53ccaa1333b0453d65",
                "sha256:5576644b859197da7bbd8f8c7c2fb5dcc6cd505cadb42992d5f104c013f8a214",
                "sha256:562326fc7f55a59ef3fef5e82908fe938cdc4bbda32d734c424c7cd9ed73e93a",
                "sha256:587a5043df4b00a2130e09fed42da02a4ed3c688bd9bf07a3ac89d2271f4fb07",
                "sha256:5de52b081a2775e76b971de9d997d85c4457fc0a09079e12d66849548ae60981",
                "sha256:7248506981eeba23888b4140a69a53c4c0c0a386abcdca61ed8dd790a73e64b9",
                "sha256:7f732ad4a30db0b39400c3f7011249f7d0701007d511bf09604729aea222871f",
                "sha256:80796ea68e11624a0279d3b802f88a7fe7214122b97a15a6c97189934a2cc776",
                "sha256:937db39a1ec5af3003b16357b2042bba67c88d43bc11aaa203fa8a5924524209",
                "sha256:94fb8410c6c4fc48e7ea759d3d1d9ca561171a88d00faddd4aa0306f698ad6a0",
                "sha256:96e599b924ef009aa867f725b3249ee51d76489f484d3a45b4bd219c5ec6ed59",
                "sha256:98b89b2c57f97ce2db7aeba60db173c84871d73b40e41a11ea95de1500ddc57e",
                "sha256:9a31c18ba4881a116e448c52f3f5d3e14401cf7a9c43cc88f06f2a7f5428da0e",
                "sha256:9e389615bcecb8c782a87939d752340bb0a3a097e90bae54d7f0915bc12f45bd",
                "sha256:a41406f6d62abcdf3eef9fd998d8dcff04fd2a7746644143045feeebd76352d1",
                "sha256:a8955265d146e86fe2ce116394be4eaf0cb40314a79b19f11c4fa574cd639572",
                "sha256:ab22285797631df3b513b2cd3ecdc51cd8e3d36788e3991d93d0759d6883b027",
                "sha256:afa7d8b8d38ad40db8713ee053d41b36d87d6ae5ec5ad36f9210b548a18dc214",
                "sha256:b3b02911eb1f6ada203b0763ba924234629b51586f72a21faacc638269f4ced5",
                "sha256:b560916546b2f209d74b82bdbc3223cee9a165b0242fa00a06dfc48a2054864a",
                "sha256:b69b4557aae7de18b7c174a917fe19873529d927ac592762d9771661875bbd40",
                "sha256:bea842a0512be6a8007e585790bccd5d530520fc025ce63b03e139be373b0063",
                "sha256:c1d8b3d8dcb5c23ac1a8bf56422036f3f305a3c5a8bc8c354256579a1e2aa2c1",
                "sha256:c49187260043bd4c1d6a52186f9774f17d9b1da0a406798ebf4bfc12da166ade",
                "sha256:d09ff358f75a874f69fa7d1c2b4acecf4282a950293fcfcf89aa606da8a9a500",
                "sha256:e2b7e090188833bc58b2ae03fb864c22688654ebd2096bcf38bc860c4f38a3d8",
                "sha256:e553eb489511cacf19eda6e52bc9e151316f0d721724997dda2c4d3079b778db",
                "sha256:e7175287f7fe7b1cc203bb958b17db40abd732690c1e18e700f10e0843a58598",
                "sha256:e74896774e437f4715c57edeb5cf3d3a40d7727f541c2c12156617b5a15d1829",
                "sha256:e7d88fecb7b6250a1fd432e6dc64890342c372fce13dbfe4bb6f16348ad00c14",
                "sha256:ec08b88bef627ec1cea210e1608c85d3cf44893bcde74e41b7f7dbdfd2c1bad6",
                "sha256:f4019826a2dec066c909a1f483ef0dcf9325d6740cc0bd15308942b28b0930f7"
            ],
            "index": "pypi",
            "version": "==1.10.0"
        },
        "cryptography": {
            "hashes": [
                "sha256:039ab9a0accbef0c1af8fadd4a27ef5ff31d9224ab1667822f8b63dbd2bd7b9f",
                "sha256:0acca42b75a6a2ab2d3d7d5866f961888dc64e3e2a623dbf7061fa1f853fce6d",
                "sha256:106637f1805b7d0e8f85a1b8659854081f37791fbb361914860f41845e0cdee1",
                "sha256:17f7a3c1d52a0e75791fe6b093fc1d41cb24e42ddd9cfff68245d36deaacafc4",
                "sha256:1fa3747bc93e5e63366f856f9f919a85de3ed4fabe99506d8ca59e120d2f23ff",
                "sha256:2c63915bcf431cf327822073ba212973851288b106d46316d94df4c735133112",
                "sha256:2e9a60a5c31f8fc5b0c5c820f2e4beb387414c28ab9edbf9307afcc65edd5a8b",
                "sha256:31462bd3aab4cf099256b3ff96871d32d5eafab22d1ae036e4fcdc2d69fe2752",
                "sha256:3419a83d84b1153622a1f02c10a76048fb8519fb81e2ccdc0dfdef30a3b59081",
                "sha256:41b6910bf3a84dcb8a759466aa9b88eb27ef9cc081f1b05e1bd0240a24aa07d8",
                "sha256:4f8112335483f72ad1243de3bd080fcc54bd0aa663028be3cbccfd997b28f79f",
                "sha256:582cb8d21e7ff2455887e296bc719c7fd21521f37864fbd3f170ef5e0d09e0e6",
                "sha256:59e074f2d194f4451dbe2f893a71de371e5a214dfe153021fe7975481356ac80",
                "sha256:5aacbb07d8b0869a632ca43ddd8f0529d805bc8a4f359c9bf2f75fae00350165",
                "sha256:5f426698db20d7ec29b85db16e989ce5e84a4bbd9384479f00ab12de3d3173ba",
                "sha256:630e16ffa654f86bde0e66c4dc069334f6f582fc79c4483ca219130c849f00c2",
                "sha256:720b68bcb7c0982177dec00f809da828fcc9d05535665f258e785c17e50cab7f",
                "sha256:a62f2eb1ae014ce3beb80f0f7ad5a7b66ceef98924daf14e1e23d383d12df5bb",
                "sha256:a726d9d85ee3b5af0d8cef0eac1d8e3748037754376b0a13511ba1408c6ce96d",
                "sha256:a8d2dfab1ea3806837c416ef02f0959de1d33e23d0a756680a3b2fde9be55350",
                "sha256:abb7ff6f4c68439421cb14d5fc0b82c3527f577ec4d8598220203b9e2ae7c3d2",
                "sha256:b0190fb32db3643689e558b588778fd7fb4ca01b8d45812f3883fccc7c6ce59c",
                "sha256:b3e9383c150badf37a357ab79fc96d0291a7cfaaa52ef81d79ff451c0beb253c",
                "sha256:b436dcb13edbfd71dcdd312476699bc8885524c54bf76441471b5b215eb7f956",
                "sha256:ce3f82012f01c3d2b2880f168cd1196ff5394d42e602def6b0727e1729a5d2ad",
                "sha256:d32453b54f99cfe3103f0cb79f6c0ea68c66483811dfe1527a4f06eb3bc580b0",
                "sha256:d7afc34d381eacb97df127473f56a209ccdf82a03a506163d827c6b768527265",
                "sha256:e625cba7d19fb356236e54b202ea3a3668cb849b8a1b8c2bda0ed350ddabe72b",
                "sha256:e69a98b9cf3f170ae796bc7872aff1ae537907007ff34c7e2e920007c903ade2",
                "sha256:e8dd999239520a75765ec942752f7542561cf94c323668dcc2c0d43b9a7dafda",
                "sha256:f56a3cf464b57b5b5d32d85b97e5ef5d87a071d9ecd47240c50b7ed14b5f7f13",
                "sha256:feaa8b96de06dc7cedbf76ca2800d546647112cf7302bcfab7afc3eac592b34b"
            ],
            "index": "pypi",
            "version": "==2.0"
        },
        "docopt": {
            "hashes": [
                "sha256:49b3a825280bd66b3aa83585ef59c4a8c82f2c8a522dbe754a8bc8d08c85c491"
            ],
            "index": "pypi",
            "version": "==0.6.2"
        },
        "e1839a8": {
            "editable": true,
            "path": "."
        },
        "enum34": {
            "hashes": [
                "sha256:2d81cbbe0e73112bdfe6ef8576f2238f2ba27dd0d55752a776c41d38b7da2850",
                "sha256:644837f692e5f550741432dd3f223bbb9852018674981b1664e5dc339387588a",
                "sha256:6bd0f6ad48ec2aa117d3d141940d484deccda84d4fcd884f5c3d93c23ecd8c79",
                "sha256:8ad8c4783bf61ded74527bffb48ed9b54166685e4230386a9ed9b1279e2df5b1"
            ],
            "index": "pypi",
            "version": "==1.1.6"
        },
        "flask": {
            "hashes": [
                "sha256:4c83829ff83d408b5e1d4995472265411d2c414112298f2eb4b359d9e4563373"
            ],
            "index": "pypi",
            "version": "==0.10.1"
        },
        "idna": {
            "hashes": [
                "sha256:3cb5ce08046c4e3a560fc02f138d0ac63e00f8ce5901a56b32ec8b7994082aab",
                "sha256:cc19709fd6d0cbfed39ea875d29ba6d4e22c0cebc510a76d6302a28385e8bb70"
            ],
            "index": "pypi",
            "version": "==2.5"
        },
        "ipaddress": {
            "hashes": [
                "sha256:5d8534c8e185f2d8a1fda1ef73f2c8f4b23264e8e30063feeb9511d492a413e1",
                "sha256:d34cf15d95ce9a734560f7400a8bd2ac2606f378e2a1d0eadbf1c98707e7c74a"
            ],
            "index": "pypi",
            "version": "==1.0.18"
        },
        "itsdangerous": {
            "hashes": [
                "sha256:cbb3fcf8d3e33df861709ecaf89d9e6629cff0a217bc2848f1b41cd30d360519"
            ],
            "index": "pypi",
            "version": "==0.24"
        },
        "jinja2": {
            "hashes": [
                "sha256:1cc03ef32b64be19e0a5b54578dd790906a34943fe9102cfdae0d4495bd536b4",
                "sha256:bc1ff2ff88dbfacefde4ddde471d1417d3b304e8df103a7a9437d47269201bf4"
            ],
            "index": "pypi",
            "version": "==2.8"
        },
        "markupsafe": {
            "hashes": [
                "sha256:a4ec1aff59b95a14b45eb2e23761a0179e98319da5a7eb76b56ea8cdc7b871c3"
            ],
            "index": "pypi",
            "version": "==0.23"
        },
        "ndg-httpsclient": {
            "hashes": [
                "sha256:580987ef194334c50389e0d7de885fccf15605c13c6eecaabd8d6c43768eb8ac"
            ],
            "index": "pypi",
            "version": "==0.4.2"
        },
        "pkginfo": {
            "hashes": [
                "sha256:31a49103180ae1518b65d3f4ce09c784e2bc54e338197668b4fb7dc539521024",
                "sha256:bb1a6aeabfc898f5df124e7e00303a5b3ec9a489535f346bfbddb081af93f89e"
            ],
            "index": "pypi",
            "version": "==1.4.1"
        },
        "pyasn1": {
            "hashes": [
                "sha256:0439b9bd518418260c2641a571f0e07fce4370cab13b68f19b5e023306c03cad",
                "sha256:1e247af929882f4a082e987d7a827a55ee4fe21b7a1aded524e7ad2fdd40b6dc",
                "sha256:3200eba6a5d9b6e26d815ba8d8c3018620801e38aef6cac682271bfb6420cb9c",
                "sha256:5889f38a5e13e02169a5d4b42c7ea6b90f51172cc4e9aad3ac784b44a10e3182",
                "sha256:738c4ebd88a718e700ee35c8d129acce2286542daa80a82823a7073644f706ad",
                "sha256:73d7681d29ea487386c2904f42cc2db91267874723ac1064a62671fc2877b537",
                "sha256:7e49a484ca8e2c3eb9771e857ce6962d3018cafa89274638741c885b4ac6e955",
                "sha256:8b38f73c486cde4ea4264a4ecc3a2b6a029bb861939135f1d11a9d7d99d1d90b",
                "sha256:a2c7e7a14b6ad0cff2f86f95fe772642acfdbced01868020e569bd1f2f674633",
                "sha256:b1127038a82d829ee131353287c5fbdae54b0fe44639688d39df4490c3b00f31",
                "sha256:bac3cd27bf6a3a67f347fb4d9cc41879671ec893dc85a07e783cc0f691132ef1",
                "sha256:ebdc97401e0e8f50af6ad4de1585f480b93628b583bc4dc08a86ce18f624ef15"
            ],
            "index": "pypi",
            "version": "==0.2.3"
        },
        "pycparser": {
            "hashes": [
                "sha256:99a8ca03e29851d96616ad0404b4aad7d9ee16f25c9f9708a11faf2810f7b226"
            ],
            "index": "pypi",
            "version": "==2.18"
        },
        "pyopenssl": {
            "hashes": [
                "sha256:5d617ce36b07c51f330aa63b83bf7f25c40a0e95958876d54d1982f8c91b4834",
                "sha256:c8959e441c2d85d646f3d6e9024ec02b2fc8dda92596e44ce3460b3a476bc694"
            ],
            "index": "pypi",
            "version": "==17.2.0"
        },
        "pyyaml": {
            "hashes": [
                "sha256:19bb3ac350ef878dda84a62d37c7d5c17a137386dde9c2ce7249c7a21d7f6ac9",
                "sha256:2abbe0b237b42e075e5a59f90766c0a18cc29aea3baa7a152cc16f62fa556daa",
                "sha256:2db3d4c54d3eb47ad7169806e684d5243d4a14749cb9741ef5d1ac3291d67a1a",
                "sha256:3e8c104861b5839a36e6b30c2f964d6fbf4a2e2b87ae9c289da699b21e35c91b",
                "sha256:7a02d22209e41ba55bd8a65fa69ee593af30a857f6e33fc9c80589e6b477c36b",
                "sha256:ad55a89cc264b74be59df9fdcea1dffd14f435d955eae2ac822a28563be2fe48",
                "sha256:b54b4782da60c7dfe5d850524416dd03f3b9a516ed476ce1d5a2712cde75d683",
                "sha256:c36c938a872e5ff494938b33b14aaa156cb439ec67548fcab3535bb78b0846e8",
                "sha256:c81b0cccf6b6bfc0432c1a96c07b64b76472118ec789bc4891447cc5298bd1c7",
                "sha256:ca129663271174f9783e1177195e4288945a504db89f5c3889da75e0abbd0a67",
                "sha256:d44be6e77802ea845911e000e29d781ba2900a0fe3b38fc0f5b74f5f77d2e4f0",
                "sha256:d9b72815d3cdc5e1c3f1f44498a5e884fe4dcdb3f6428fa086e35af8160d2809",
                "sha256:e25c2074189eb72056778c88344f47e5e7378afd52da62014bb3e86efce947c1",
                "sha256:e3bc2528c3a0f396908b5f8784795f3f7b62e8b2573c2db736addccfb22449e4"
            ],
            "index": "pypi",
            "version": "==3.11"
        },
        "requests": {
            "hashes": [
                "sha256:22a8c72dfc7fc18db1aca6784e97a638e9d09abe2cd387be473f88bd6dcba22f",
                "sha256:d8be941a08cf36e4f424ac76073eb911e5e646a33fcb3402e1642c426bf34682"
            ],
            "index": "pypi",
            "version": "==2.9.2"
        },
        "requests-toolbelt": {
            "hashes": [
                "sha256:42c9c170abc2cacb78b8ab23ac957945c7716249206f90874651971a4acff237",
                "sha256:f6a531936c6fa4c6cfce1b9c10d5c4f498d16528d2a54a22ca00011205a187b5"
            ],
            "index": "pypi",
            "version": "==0.8.0"
        },
        "sh": {
            "hashes": [
                "sha256:ae3258c5249493cebe73cb4e18253a41ed69262484bad36fdb3efcb8ad8870bb",
                "sha256:b52bf5833ed01c7b5c5fb73a7f71b3d98d48e9b9b8764236237bdc7ecae850fc"
            ],
            "index": "pypi",
            "version": "==1.12.14"
        },
        "six": {
            "hashes": [
                "sha256:0ff78c403d9bccf5a425a6d31a12aa6b47f1c21ca4dc2573a7e2f32a97335eb1",
                "sha256:105f8d68616f8248e24bf0e9372ef04d3cc10104f1980f54d57b2ce73a5ad56a"
            ],
            "index": "pypi",
            "version": "==1.10.0"
        },
        "sqlalchemy": {
            "hashes": [
                "sha256:da4d1a39c1e99c7fecc2aaa3a050094b6aa7134de7d89f77e6216e7abd1705b3"
            ],
            "index": "pypi",
            "version": "==1.0.14"
        },
        "tqdm": {
            "hashes": [
                "sha256:6ec1dc74efacf2cda936b4a6cf4082ce224c76763bdec9f17e437c8cfcaa9953",
                "sha256:9f019dcbec25b5b4cb1bbf43e5c346e0d6a001fe4f598d70283d379e5314e202"
            ],
            "index": "pypi",
            "version": "==4.15.0"
        },
        "werkzeug": {
            "hashes": [
                "sha256:837b71338794634c24713a79c3b9c287301433f2d18cd0adefcbcf885e60c8a1",
                "sha256:cc4b84a685bfa01163a0bb30738d0dfcffa6af411dd489aed90f37a61bc4af26"
            ],
            "index": "pypi",
            "version": "==0.11.9"
        }
    },
    "develop": {
        "certifi": {
            "hashes": [
                "sha256:13e698f54293db9f89122b0581843a782ad0934a4fe0172d2a980ba77fc61bb7",
                "sha256:9fa520c1bacfb634fa7af20a76bcbd3d5fb390481724c597da32c719a7dca4b0"
            ],
            "version": "==2018.4.16"
        },
        "chardet": {
            "hashes": [
                "sha256:84ab92ed1c4d4f16916e05906b6b75a6c0fb5db821cc65e70cbd64a3e2a5eaae",
                "sha256:fc323ffcaeaed0e0a02bf4d117757b98aed530d9ed4531e3e15460124c106691"
            ],
            "version": "==3.0.4"
        },
        "click": {
            "hashes": [
                "sha256:29f99fc6125fbc931b758dc053b3114e55c77a6e4c6c3a2674a2dc986016381d",
                "sha256:f15516df478d5a56180fbf80e68f206010e6d160fc39fa508b65e035fd75130b"
            ],
            "version": "==6.7"
        },
        "docopt": {
            "hashes": [
                "sha256:49b3a825280bd66b3aa83585ef59c4a8c82f2c8a522dbe754a8bc8d08c85c491"
            ],
            "index": "pypi",
            "version": "==0.6.2"
        },
        "e1839a8": {
            "editable": true,
            "path": "."
        },
        "flask": {
            "hashes": [
                "sha256:4c83829ff83d408b5e1d4995472265411d2c414112298f2eb4b359d9e4563373"
            ],
            "index": "pypi",
            "version": "==0.10.1"
        },
        "idna": {
            "hashes": [
                "sha256:3cb5ce08046c4e3a560fc02f138d0ac63e00f8ce5901a56b32ec8b7994082aab",
                "sha256:cc19709fd6d0cbfed39ea875d29ba6d4e22c0cebc510a76d6302a28385e8bb70"
            ],
            "index": "pypi",
            "version": "==2.5"
        },
        "itsdangerous": {
            "hashes": [
                "sha256:cbb3fcf8d3e33df861709ecaf89d9e6629cff0a217bc2848f1b41cd30d360519"
            ],
            "index": "pypi",
            "version": "==0.24"
        },
        "jinja2": {
            "hashes": [
                "sha256:1cc03ef32b64be19e0a5b54578dd790906a34943fe9102cfdae0d4495bd536b4",
                "sha256:bc1ff2ff88dbfacefde4ddde471d1417d3b304e8df103a7a9437d47269201bf4"
            ],
            "index": "pypi",
            "version": "==2.8"
        },
        "markupsafe": {
            "hashes": [
                "sha256:a4ec1aff59b95a14b45eb2e23761a0179e98319da5a7eb76b56ea8cdc7b871c3"
            ],
            "index": "pypi",
            "version": "==0.23"
        },
        "pyyaml": {
            "hashes": [
                "sha256:19bb3ac350ef878dda84a62d37c7d5c17a137386dde9c2ce7249c7a21d7f6ac9",
                "sha256:2abbe0b237b42e075e5a59f90766c0a18cc29aea3baa7a152cc16f62fa556daa",
                "sha256:2db3d4c54d3eb47ad7169806e684d5243d4a14749cb9741ef5d1ac3291d67a1a",
                "sha256:3e8c104861b5839a36e6b30c2f964d6fbf4a2e2b87ae9c289da699b21e35c91b",
                "sha256:7a02d22209e41ba55bd8a65fa69ee593af30a857f6e33fc9c80589e6b477c36b",
                "sha256:ad55a89cc264b74be59df9fdcea1dffd14f435d955eae2ac822a28563be2fe48",
                "sha256:b54b4782da60c7dfe5d850524416dd03f3b9a516ed476ce1d5a2712cde75d683",
                "sha256:c36c938a872e5ff494938b33b14aaa156cb439ec67548fcab3535bb78b0846e8",
                "sha256:c81b0cccf6b6bfc0432c1a96c07b64b76472118ec789bc4891447cc5298bd1c7",
                "sha256:ca129663271174f9783e1177195e4288945a504db89f5c3889da75e0abbd0a67",
                "sha256:d44be6e77802ea845911e000e29d781ba2900a0fe3b38fc0f5b74f5f77d2e4f0",
                "sha256:d9b72815d3cdc5e1c3f1f44498a5e884fe4dcdb3f6428fa086e35af8160d2809",
                "sha256:e25c2074189eb72056778c88344f47e5e7378afd52da62014bb3e86efce947c1",
                "sha256:e3bc2528c3a0f396908b5f8784795f3f7b62e8b2573c2db736addccfb22449e4"
            ],
            "index": "pypi",
            "version": "==3.11"
        },
        "requests": {
            "hashes": [
                "sha256:22a8c72dfc7fc18db1aca6784e97a638e9d09abe2cd387be473f88bd6dcba22f",
                "sha256:d8be941a08cf36e4f424ac76073eb911e5e646a33fcb3402e1642c426bf34682"
            ],
            "index": "pypi",
            "version": "==2.9.2"
        },
        "sqlalchemy": {
            "hashes": [
                "sha256:da4d1a39c1e99c7fecc2aaa3a050094b6aa7134de7d89f77e6216e7abd1705b3"
            ],
            "index": "pypi",
            "version": "==1.0.14"
        },
        "urllib3": {
            "hashes": [
                "sha256:a68ac5e15e76e7e5dd2b8f94007233e01effe3e50e8daddf69acfd81cb686baf",
                "sha256:b5725a0bd4ba422ab0e66e89e030c806576753ea3ee08554382c14e685d117b5"
            ],
            "version": "==1.23"
        },
        "werkzeug": {
            "hashes": [
                "sha256:837b71338794634c24713a79c3b9c287301433f2d18cd0adefcbcf885e60c8a1",
                "sha256:cc4b84a685bfa01163a0bb30738d0dfcffa6af411dd489aed90f37a61bc4af26"
            ],
            "index": "pypi",
            "version": "==0.11.9"
        }
    }
}
