{
    "_meta": {
        "hash": {
            "sha256": "97c7b6399c471c42042cd58b76fbc3ea9be0cda957b463bf64283c2816d37a02"
        },
        "pipfile-spec": 6,
        "requires": {
            "python_version": ">=3.5.0"
        },
        "sources": [
            {
                "name": "pypi",
                "url": "https://pypi.org/simple",
                "verify_ssl": true
            }
        ]
    },
    "default": {
        "asn1crypto": {
            "hashes": [
                "sha256:cbbadd640d3165ab24b06ef25d1dca09a3441611ac15f6a6b452474fdf0aed1a",
                "sha256:d232509fefcfcdb9a331f37e9c9dc20441019ad927c7d2176cf18ed5da0ba097"
            ],
            "index": "pypi",
            "version": "==0.22.0"
        },
        "certifi": {
            "hashes": [
                "sha256:e4f3620cfea4f83eedc95b24abd9cd56f3c4b146dd0177e83a21b4eb49e21e50",
                "sha256:fd7c7c74727ddcf00e9acd26bba8da604ffec95bf1c2144e67aff7a8b50e6cef"
            ],
            "version": "==2019.9.11"
        },
        "cffi": {
            "hashes": [
                "sha256:1426e67e855ef7f5030c9184f4f1a9f4bfa020c31c962cd41fd129ec5aef4a6a",
                "sha256:267dd2c66a5760c5f4d47e2ebcf8eeac7ef01e1ae6ae7a6d0d241a290068bc38",
                "sha256:285ab352552f52f1398c912556d4d36d4ea9b8450e5c65d03809bf9886755533",
                "sha256:446699c10f3c390633d0722bc19edbc7ac4b94761918a4a4f7908a24e86ebbd0",
                "sha256:4fc9c2ff7924b3a1fa326e1799e5dd58cac585d7fb25fe53ccaa1333b0453d65",
                "sha256:5576644b859197da7bbd8f8c7c2fb5dcc6cd505cadb42992d5f104c013f8a214",
                "sha256:562326fc7f55a59ef3fef5e82908fe938cdc4bbda32d734c424c7cd9ed73e93a",
                "sha256:587a5043df4b00a2130e09fed42da02a4ed3c688bd9bf07a3ac89d2271f4fb07",
                "sha256:5de52b081a2775e76b971de9d997d85c4457fc0a09079e12d66849548ae60981",
                "sha256:7248506981eeba23888b4140a69a53c4c0c0a386abcdca61ed8dd790a73e64b9",
                "sha256:7f732ad4a30db0b39400c3f7011249f7d0701007d511bf09604729aea222871f",
                "sha256:80796ea68e11624a0279d3b802f88a7fe7214122b97a15a6c97189934a2cc776",
                "sha256:937db39a1ec5af3003b16357b2042bba67c88d43bc11aaa203fa8a5924524209",
                "sha256:94fb8410c6c4fc48e7ea759d3d1d9ca561171a88d00faddd4aa0306f698ad6a0",
                "sha256:96e599b924ef009aa867f725b3249ee51d76489f484d3a45b4bd219c5ec6ed59",
                "sha256:98b89b2c57f97ce2db7aeba60db173c84871d73b40e41a11ea95de1500ddc57e",
                "sha256:9a31c18ba4881a116e448c52f3f5d3e14401cf7a9c43cc88f06f2a7f5428da0e",
                "sha256:9e389615bcecb8c782a87939d752340bb0a3a097e90bae54d7f0915bc12f45bd",
                "sha256:a41406f6d62abcdf3eef9fd998d8dcff04fd2a7746644143045feeebd76352d1",
                "sha256:a8955265d146e86fe2ce116394be4eaf0cb40314a79b19f11c4fa574cd639572",
                "sha256:ab22285797631df3b513b2cd3ecdc51cd8e3d36788e3991d93d0759d6883b027",
                "sha256:afa7d8b8d38ad40db8713ee053d41b36d87d6ae5ec5ad36f9210b548a18dc214",
                "sha256:b3b02911eb1f6ada203b0763ba924234629b51586f72a21faacc638269f4ced5",
                "sha256:b560916546b2f209d74b82bdbc3223cee9a165b0242fa00a06dfc48a2054864a",
                "sha256:b69b4557aae7de18b7c174a917fe19873529d927ac592762d9771661875bbd40",
                "sha256:bea842a0512be6a8007e585790bccd5d530520fc025ce63b03e139be373b0063",
                "sha256:c1d8b3d8dcb5c23ac1a8bf56422036f3f305a3c5a8bc8c354256579a1e2aa2c1",
                "sha256:c49187260043bd4c1d6a52186f9774f17d9b1da0a406798ebf4bfc12da166ade",
                "sha256:d09ff358f75a874f69fa7d1c2b4acecf4282a950293fcfcf89aa606da8a9a500",
                "sha256:e2b7e090188833bc58b2ae03fb864c22688654ebd2096bcf38bc860c4f38a3d8",
                "sha256:e553eb489511cacf19eda6e52bc9e151316f0d721724997dda2c4d3079b778db",
                "sha256:e7175287f7fe7b1cc203bb958b17db40abd732690c1e18e700f10e0843a58598",
                "sha256:e74896774e437f4715c57edeb5cf3d3a40d7727f541c2c12156617b5a15d1829",
                "sha256:e7d88fecb7b6250a1fd432e6dc64890342c372fce13dbfe4bb6f16348ad00c14",
                "sha256:ec08b88bef627ec1cea210e1608c85d3cf44893bcde74e41b7f7dbdfd2c1bad6",
                "sha256:f4019826a2dec066c909a1f483ef0dcf9325d6740cc0bd15308942b28b0930f7"
            ],
            "index": "pypi",
            "version": "==1.10.0"
        },
        "chardet": {
            "hashes": [
                "sha256:84ab92ed1c4d4f16916e05906b6b75a6c0fb5db821cc65e70cbd64a3e2a5eaae",
                "sha256:fc323ffcaeaed0e0a02bf4d117757b98aed530d9ed4531e3e15460124c106691"
            ],
            "version": "==3.0.4"
        },
        "click": {
            "hashes": [
                "sha256:2335065e6395b9e67ca716de5f7526736bfa6ceead690adf616d925bdc622b13",
                "sha256:5b94b49521f6456670fdb30cd82a4eca9412788a93fa6dd6df72c94d5a8ff2d7"
            ],
            "version": "==7.0"
        },
        "cryptography": {
            "hashes": [
                "sha256:24b61e5fcb506424d3ec4e18bca995833839bf13c59fc43e530e488f28d46b8c",
                "sha256:25dd1581a183e9e7a806fe0543f485103232f940fcfc301db65e630512cce643",
                "sha256:3452bba7c21c69f2df772762be0066c7ed5dc65df494a1d53a58b683a83e1216",
                "sha256:41a0be220dd1ed9e998f5891948306eb8c812b512dc398e5a01846d855050799",
                "sha256:5751d8a11b956fbfa314f6553d186b94aa70fdb03d8a4d4f1c82dcacf0cbe28a",
                "sha256:5f61c7d749048fa6e3322258b4263463bfccefecb0dd731b6561cb617a1d9bb9",
                "sha256:72e24c521fa2106f19623a3851e9f89ddfdeb9ac63871c7643790f872a305dfc",
                "sha256:7b97ae6ef5cba2e3bb14256625423413d5ce8d1abb91d4f29b6d1a081da765f8",
                "sha256:961e886d8a3590fd2c723cf07be14e2a91cf53c25f02435c04d39e90780e3b53",
                "sha256:96d8473848e984184b6728e2c9d391482008646276c3ff084a1bd89e15ff53a1",
                "sha256:ae536da50c7ad1e002c3eee101871d93abdc90d9c5f651818450a0d3af718609",
                "sha256:b0db0cecf396033abb4a93c95d1602f268b3a68bb0a9cc06a7cff587bb9a7292",
                "sha256:cfee9164954c186b191b91d4193989ca994703b2fff406f71cf454a2d3c7327e",
                "sha256:e6347742ac8f35ded4a46ff835c60e68c22a536a8ae5c4422966d06946b6d4c6",
                "sha256:f27d93f0139a3c056172ebb5d4f9056e770fdf0206c2f422ff2ebbad142e09ed",
                "sha256:f57b76e46a58b63d1c6375017f4564a28f19a5ca912691fd2e4261b3414b618d"
            ],
            "index": "pypi",
            "version": "==2.7"
        },
        "docopt": {
            "hashes": [
                "sha256:49b3a825280bd66b3aa83585ef59c4a8c82f2c8a522dbe754a8bc8d08c85c491"
            ],
            "index": "pypi",
            "version": "==0.6.2"
        },
        "enum34": {
            "hashes": [
                "sha256:2d81cbbe0e73112bdfe6ef8576f2238f2ba27dd0d55752a776c41d38b7da2850",
                "sha256:644837f692e5f550741432dd3f223bbb9852018674981b1664e5dc339387588a",
                "sha256:6bd0f6ad48ec2aa117d3d141940d484deccda84d4fcd884f5c3d93c23ecd8c79",
                "sha256:8ad8c4783bf61ded74527bffb48ed9b54166685e4230386a9ed9b1279e2df5b1"
            ],
            "index": "pypi",
            "version": "==1.1.6"
        },
        "flask": {
            "hashes": [
                "sha256:0f431076a50908f0484dcddd0f2fd0241129ef9ca1876799b3ebe14d823f60de",
                "sha256:74bb782687731332b86aa8ab0817be14c9e63e5fa837934de8be4f9236d6d0d2"
            ],
            "index": "pypi",
            "version": "==0.12.3"
        },
        "flask-cors": {
            "hashes": [
                "sha256:72170423eb4612f0847318afff8c247b38bd516b7737adfc10d1c2cdbb382d16",
                "sha256:f4d97201660e6bbcff2d89d082b5b6d31abee04b1b3003ee073a6fd25ad1d69a"
            ],
            "index": "pypi",
            "version": "==3.0.8"
        },
        "idna": {
            "hashes": [
                "sha256:3cb5ce08046c4e3a560fc02f138d0ac63e00f8ce5901a56b32ec8b7994082aab",
                "sha256:cc19709fd6d0cbfed39ea875d29ba6d4e22c0cebc510a76d6302a28385e8bb70"
            ],
            "index": "pypi",
            "version": "==2.5"
        },
        "ipaddress": {
            "hashes": [
                "sha256:5d8534c8e185f2d8a1fda1ef73f2c8f4b23264e8e30063feeb9511d492a413e1",
                "sha256:d34cf15d95ce9a734560f7400a8bd2ac2606f378e2a1d0eadbf1c98707e7c74a"
            ],
            "index": "pypi",
            "version": "==1.0.18"
        },
        "itsdangerous": {
            "hashes": [
                "sha256:cbb3fcf8d3e33df861709ecaf89d9e6629cff0a217bc2848f1b41cd30d360519"
            ],
            "index": "pypi",
            "version": "==0.24"
        },
        "jinja2": {
            "hashes": [
                "sha256:065c4f02ebe7f7cf559e49ee5a95fb800a9e4528727aec6f24402a5374c65013",
                "sha256:14dd6caf1527abb21f08f86c784eac40853ba93edb79552aa1e4b8aef1b61c7b"
            ],
            "index": "pypi",
            "version": "==2.10.1"
        },
        "markupsafe": {
            "hashes": [
                "sha256:a4ec1aff59b95a14b45eb2e23761a0179e98319da5a7eb76b56ea8cdc7b871c3"
            ],
            "index": "pypi",
            "version": "==0.23"
        },
        "ndg-httpsclient": {
            "hashes": [
                "sha256:580987ef194334c50389e0d7de885fccf15605c13c6eecaabd8d6c43768eb8ac"
            ],
            "index": "pypi",
            "version": "==0.4.2"
        },
        "pkginfo": {
            "hashes": [
                "sha256:31a49103180ae1518b65d3f4ce09c784e2bc54e338197668b4fb7dc539521024",
                "sha256:bb1a6aeabfc898f5df124e7e00303a5b3ec9a489535f346bfbddb081af93f89e"
            ],
            "index": "pypi",
            "version": "==1.4.1"
        },
        "pyasn1": {
            "hashes": [
                "sha256:0439b9bd518418260c2641a571f0e07fce4370cab13b68f19b5e023306c03cad",
                "sha256:1e247af929882f4a082e987d7a827a55ee4fe21b7a1aded524e7ad2fdd40b6dc",
                "sha256:3200eba6a5d9b6e26d815ba8d8c3018620801e38aef6cac682271bfb6420cb9c",
                "sha256:5889f38a5e13e02169a5d4b42c7ea6b90f51172cc4e9aad3ac784b44a10e3182",
                "sha256:738c4ebd88a718e700ee35c8d129acce2286542daa80a82823a7073644f706ad",
                "sha256:73d7681d29ea487386c2904f42cc2db91267874723ac1064a62671fc2877b537",
                "sha256:7e49a484ca8e2c3eb9771e857ce6962d3018cafa89274638741c885b4ac6e955",
                "sha256:8b38f73c486cde4ea4264a4ecc3a2b6a029bb861939135f1d11a9d7d99d1d90b",
                "sha256:a2c7e7a14b6ad0cff2f86f95fe772642acfdbced01868020e569bd1f2f674633",
                "sha256:b1127038a82d829ee131353287c5fbdae54b0fe44639688d39df4490c3b00f31",
                "sha256:bac3cd27bf6a3a67f347fb4d9cc41879671ec893dc85a07e783cc0f691132ef1",
                "sha256:ebdc97401e0e8f50af6ad4de1585f480b93628b583bc4dc08a86ce18f624ef15"
            ],
            "index": "pypi",
            "version": "==0.2.3"
        },
        "pycparser": {
            "hashes": [
                "sha256:99a8ca03e29851d96616ad0404b4aad7d9ee16f25c9f9708a11faf2810f7b226"
            ],
            "index": "pypi",
            "version": "==2.18"
        },
        "pyopenssl": {
            "hashes": [
                "sha256:aeca66338f6de19d1aa46ed634c3b9ae519a64b458f8468aec688e7e3c20f200",
                "sha256:c727930ad54b10fc157015014b666f2d8b41f70c0d03e83ab67624fd3dd5d1e6"
            ],
            "index": "pypi",
            "version": "==19.0.0"
        },
        "pyyaml": {
            "hashes": [
                "sha256:0113bc0ec2ad727182326b61326afa3d1d8280ae1122493553fd6f4397f33df9",
                "sha256:01adf0b6c6f61bd11af6e10ca52b7d4057dd0be0343eb9283c878cf3af56aee4",
                "sha256:5124373960b0b3f4aa7df1707e63e9f109b5263eca5976c66e08b1c552d4eaf8",
                "sha256:5ca4f10adbddae56d824b2c09668e91219bb178a1eee1faa56af6f99f11bf696",
                "sha256:7907be34ffa3c5a32b60b95f4d95ea25361c951383a894fec31be7252b2b6f34",
                "sha256:7ec9b2a4ed5cad025c2278a1e6a19c011c80a3caaac804fd2d329e9cc2c287c9",
                "sha256:87ae4c829bb25b9fe99cf71fbb2140c448f534e24c998cc60f39ae4f94396a73",
                "sha256:9de9919becc9cc2ff03637872a440195ac4241c80536632fffeb6a1e25a74299",
                "sha256:a5a85b10e450c66b49f98846937e8cfca1db3127a9d5d1e31ca45c3d0bef4c5b",
                "sha256:b0997827b4f6a7c286c01c5f60384d218dca4ed7d9efa945c3e1aa623d5709ae",
                "sha256:b631ef96d3222e62861443cc89d6563ba3eeb816eeb96b2629345ab795e53681",
                "sha256:bf47c0607522fdbca6c9e817a6e81b08491de50f3766a7a0e6a5be7905961b41",
                "sha256:f81025eddd0327c7d4cfe9b62cf33190e1e736cc6e97502b3ec425f574b3e7a8"
            ],
            "index": "pypi",
            "version": "==5.1.2"
        },
        "requests": {
            "hashes": [
                "sha256:99dcfdaaeb17caf6e526f32b6a7b780461512ab3f1d992187801694cba42770c",
                "sha256:a84b8c9ab6239b578f22d1c21d51b696dcfe004032bb80ea832398d6909d7279"
            ],
            "index": "pypi",
            "version": "==2.20.0"
        },
        "requests-toolbelt": {
            "hashes": [
                "sha256:42c9c170abc2cacb78b8ab23ac957945c7716249206f90874651971a4acff237",
                "sha256:f6a531936c6fa4c6cfce1b9c10d5c4f498d16528d2a54a22ca00011205a187b5"
            ],
            "index": "pypi",
            "version": "==0.8.0"
        },
        "sh": {
            "hashes": [
                "sha256:ae3258c5249493cebe73cb4e18253a41ed69262484bad36fdb3efcb8ad8870bb",
                "sha256:b52bf5833ed01c7b5c5fb73a7f71b3d98d48e9b9b8764236237bdc7ecae850fc"
            ],
            "index": "pypi",
            "version": "==1.12.14"
        },
        "six": {
            "hashes": [
                "sha256:0ff78c403d9bccf5a425a6d31a12aa6b47f1c21ca4dc2573a7e2f32a97335eb1",
                "sha256:105f8d68616f8248e24bf0e9372ef04d3cc10104f1980f54d57b2ce73a5ad56a"
            ],
            "index": "pypi",
            "version": "==1.10.0"
        },
        "tqdm": {
            "hashes": [
                "sha256:6ec1dc74efacf2cda936b4a6cf4082ce224c76763bdec9f17e437c8cfcaa9953",
                "sha256:9f019dcbec25b5b4cb1bbf43e5c346e0d6a001fe4f598d70283d379e5314e202"
            ],
            "index": "pypi",
            "version": "==4.15.0"
        },
        "urllib3": {
            "hashes": [
                "sha256:2393a695cd12afedd0dcb26fe5d50d0cf248e5a66f75dbd89a3d4eb333a61af4",
                "sha256:a637e5fae88995b256e3409dc4d52c2e2e0ba32c42a6365fee8bbd2238de3cfb"
            ],
            "version": "==1.24.3"
        },
        "werkzeug": {
            "hashes": [
                "sha256:837b71338794634c24713a79c3b9c287301433f2d18cd0adefcbcf885e60c8a1",
                "sha256:cc4b84a685bfa01163a0bb30738d0dfcffa6af411dd489aed90f37a61bc4af26"
            ],
            "index": "pypi",
            "version": "==0.11.9"
        }
    },
    "develop": {
        "astroid": {
            "hashes": [
                "sha256:9b3f17b0550f82e28a6776a4e5222441f48e523b0773df4bc505bb6b7c2093b7",
                "sha256:c7e2e5773d87ccc00d01c273e439386f4d6d63cce61317a79ccce5880162f9fb"
            ],
            "version": "==2.3.0"
        },
        "certifi": {
            "hashes": [
                "sha256:e4f3620cfea4f83eedc95b24abd9cd56f3c4b146dd0177e83a21b4eb49e21e50",
                "sha256:fd7c7c74727ddcf00e9acd26bba8da604ffec95bf1c2144e67aff7a8b50e6cef"
            ],
            "version": "==2019.9.11"
        },
        "chardet": {
            "hashes": [
                "sha256:84ab92ed1c4d4f16916e05906b6b75a6c0fb5db821cc65e70cbd64a3e2a5eaae",
                "sha256:fc323ffcaeaed0e0a02bf4d117757b98aed530d9ed4531e3e15460124c106691"
            ],
            "version": "==3.0.4"
        },
        "click": {
            "hashes": [
                "sha256:2335065e6395b9e67ca716de5f7526736bfa6ceead690adf616d925bdc622b13",
                "sha256:5b94b49521f6456670fdb30cd82a4eca9412788a93fa6dd6df72c94d5a8ff2d7"
            ],
            "version": "==7.0"
        },
        "docopt": {
            "hashes": [
                "sha256:49b3a825280bd66b3aa83585ef59c4a8c82f2c8a522dbe754a8bc8d08c85c491"
            ],
            "index": "pypi",
            "version": "==0.6.2"
        },
        "e1839a8": {
            "editable": true,
            "path": "."
        },
        "flask": {
            "hashes": [
                "sha256:0f431076a50908f0484dcddd0f2fd0241129ef9ca1876799b3ebe14d823f60de",
                "sha256:74bb782687731332b86aa8ab0817be14c9e63e5fa837934de8be4f9236d6d0d2"
            ],
            "index": "pypi",
            "version": "==0.12.3"
        },
        "flask-cors": {
            "hashes": [
                "sha256:72170423eb4612f0847318afff8c247b38bd516b7737adfc10d1c2cdbb382d16",
                "sha256:f4d97201660e6bbcff2d89d082b5b6d31abee04b1b3003ee073a6fd25ad1d69a"
            ],
            "index": "pypi",
            "version": "==3.0.8"
        },
        "idna": {
            "hashes": [
                "sha256:3cb5ce08046c4e3a560fc02f138d0ac63e00f8ce5901a56b32ec8b7994082aab",
                "sha256:cc19709fd6d0cbfed39ea875d29ba6d4e22c0cebc510a76d6302a28385e8bb70"
            ],
            "index": "pypi",
            "version": "==2.5"
        },
        "isort": {
            "hashes": [
                "sha256:54da7e92468955c4fceacd0c86bd0ec997b0e1ee80d97f67c35a78b719dccab1",
                "sha256:6e811fcb295968434526407adb8796944f1988c5b65e8139058f2014cbe100fd"
            ],
            "version": "==4.3.21"
        },
        "itsdangerous": {
            "hashes": [
                "sha256:cbb3fcf8d3e33df861709ecaf89d9e6629cff0a217bc2848f1b41cd30d360519"
            ],
            "index": "pypi",
            "version": "==0.24"
        },
        "jinja2": {
            "hashes": [
                "sha256:065c4f02ebe7f7cf559e49ee5a95fb800a9e4528727aec6f24402a5374c65013",
                "sha256:14dd6caf1527abb21f08f86c784eac40853ba93edb79552aa1e4b8aef1b61c7b"
            ],
            "index": "pypi",
            "version": "==2.10.1"
        },
        "lazy-object-proxy": {
            "hashes": [
                "sha256:02b260c8deb80db09325b99edf62ae344ce9bc64d68b7a634410b8e9a568edbf",
                "sha256:18f9c401083a4ba6e162355873f906315332ea7035803d0fd8166051e3d402e3",
                "sha256:1f2c6209a8917c525c1e2b55a716135ca4658a3042b5122d4e3413a4030c26ce",
                "sha256:2f06d97f0ca0f414f6b707c974aaf8829c2292c1c497642f63824119d770226f",
                "sha256:616c94f8176808f4018b39f9638080ed86f96b55370b5a9463b2ee5c926f6c5f",
                "sha256:63b91e30ef47ef68a30f0c3c278fbfe9822319c15f34b7538a829515b84ca2a0",
                "sha256:77b454f03860b844f758c5d5c6e5f18d27de899a3db367f4af06bec2e6013a8e",
                "sha256:83fe27ba321e4cfac466178606147d3c0aa18e8087507caec78ed5a966a64905",
                "sha256:84742532d39f72df959d237912344d8a1764c2d03fe58beba96a87bfa11a76d8",
                "sha256:874ebf3caaf55a020aeb08acead813baf5a305927a71ce88c9377970fe7ad3c2",
                "sha256:9f5caf2c7436d44f3cec97c2fa7791f8a675170badbfa86e1992ca1b84c37009",
                "sha256:a0c8758d01fcdfe7ae8e4b4017b13552efa7f1197dd7358dc9da0576f9d0328a",
                "sha256:a4def978d9d28cda2d960c279318d46b327632686d82b4917516c36d4c274512",
                "sha256:ad4f4be843dace866af5fc142509e9b9817ca0c59342fdb176ab6ad552c927f5",
                "sha256:ae33dd198f772f714420c5ab698ff05ff900150486c648d29951e9c70694338e",
                "sha256:b4a2b782b8a8c5522ad35c93e04d60e2ba7f7dcb9271ec8e8c3e08239be6c7b4",
                "sha256:c462eb33f6abca3b34cdedbe84d761f31a60b814e173b98ede3c81bb48967c4f",
                "sha256:fd135b8d35dfdcdb984828c84d695937e58cc5f49e1c854eb311c4d6aa03f4f1"
            ],
            "version": "==1.4.2"
        },
        "markupsafe": {
            "hashes": [
                "sha256:a4ec1aff59b95a14b45eb2e23761a0179e98319da5a7eb76b56ea8cdc7b871c3"
            ],
            "index": "pypi",
            "version": "==0.23"
        },
        "mccabe": {
            "hashes": [
                "sha256:ab8a6258860da4b6677da4bd2fe5dc2c659cff31b3ee4f7f5d64e79735b80d42",
                "sha256:dd8d182285a0fe56bace7f45b5e7d1a6ebcbf524e8f3bd87eb0f125271b8831f"
            ],
            "version": "==0.6.1"
        },
        "pylint": {
            "hashes": [
                "sha256:2d64b4b8fa044480b1a49d47535da53557f8f426b8c5bd6a23beb65e905101a1",
                "sha256:6cbd124a1a5ed1fd3f3fed4178a6c2ba166862ea0dac6ab2ff8d9f0998b13e5c"
            ],
            "index": "pypi",
            "version": "==2.4.1"
        },
        "pyyaml": {
            "hashes": [
                "sha256:0113bc0ec2ad727182326b61326afa3d1d8280ae1122493553fd6f4397f33df9",
                "sha256:01adf0b6c6f61bd11af6e10ca52b7d4057dd0be0343eb9283c878cf3af56aee4",
                "sha256:5124373960b0b3f4aa7df1707e63e9f109b5263eca5976c66e08b1c552d4eaf8",
                "sha256:5ca4f10adbddae56d824b2c09668e91219bb178a1eee1faa56af6f99f11bf696",
                "sha256:7907be34ffa3c5a32b60b95f4d95ea25361c951383a894fec31be7252b2b6f34",
                "sha256:7ec9b2a4ed5cad025c2278a1e6a19c011c80a3caaac804fd2d329e9cc2c287c9",
                "sha256:87ae4c829bb25b9fe99cf71fbb2140c448f534e24c998cc60f39ae4f94396a73",
                "sha256:9de9919becc9cc2ff03637872a440195ac4241c80536632fffeb6a1e25a74299",
                "sha256:a5a85b10e450c66b49f98846937e8cfca1db3127a9d5d1e31ca45c3d0bef4c5b",
                "sha256:b0997827b4f6a7c286c01c5f60384d218dca4ed7d9efa945c3e1aa623d5709ae",
                "sha256:b631ef96d3222e62861443cc89d6563ba3eeb816eeb96b2629345ab795e53681",
                "sha256:bf47c0607522fdbca6c9e817a6e81b08491de50f3766a7a0e6a5be7905961b41",
                "sha256:f81025eddd0327c7d4cfe9b62cf33190e1e736cc6e97502b3ec425f574b3e7a8"
            ],
            "index": "pypi",
            "version": "==5.1.2"
        },
        "requests": {
            "hashes": [
                "sha256:99dcfdaaeb17caf6e526f32b6a7b780461512ab3f1d992187801694cba42770c",
                "sha256:a84b8c9ab6239b578f22d1c21d51b696dcfe004032bb80ea832398d6909d7279"
            ],
            "index": "pypi",
            "version": "==2.20.0"
        },
        "six": {
            "hashes": [
                "sha256:0ff78c403d9bccf5a425a6d31a12aa6b47f1c21ca4dc2573a7e2f32a97335eb1",
                "sha256:105f8d68616f8248e24bf0e9372ef04d3cc10104f1980f54d57b2ce73a5ad56a"
            ],
            "index": "pypi",
            "version": "==1.10.0"
        },
        "typed-ast": {
            "hashes": [
                "sha256:023625bfa9359e29bd6e24cac2a4503495b49761d48a5f1e38333fc4ac4d93fe",
                "sha256:07591f7a5fdff50e2e566c4c1e9df545c75d21e27d98d18cb405727ed0ef329c",
                "sha256:153e526b0f4ffbfada72d0bb5ffe8574ba02803d2f3a9c605c8cf99dfedd72a2",
                "sha256:3ad2bdcd46a4a1518d7376e9f5016d17718a9ed3c6a3f09203d832f6c165de4a",
                "sha256:3ea98c84df53ada97ee1c5159bb3bc784bd734231235a1ede14c8ae0775049f7",
                "sha256:51a7141ccd076fa561af107cfb7a8b6d06a008d92451a1ac7e73149d18e9a827",
                "sha256:52c93cd10e6c24e7ac97e8615da9f224fd75c61770515cb323316c30830ddb33",
                "sha256:6344c84baeda3d7b33e157f0b292e4dd53d05ddb57a63f738178c01cac4635c9",
                "sha256:64699ca1b3bd5070bdeb043e6d43bc1d0cebe08008548f4a6bee782b0ecce032",
                "sha256:74903f2e56bbffe29282ef8a5487d207d10be0f8513b41aff787d954a4cf91c9",
                "sha256:7891710dba83c29ee2bd51ecaa82f60f6bede40271af781110c08be134207bf2",
                "sha256:91976c56224e26c256a0de0f76d2004ab885a29423737684b4f7ebdd2f46dde2",
                "sha256:9bad678a576ecc71f25eba9f1e3fd8d01c28c12a2834850b458428b3e855f062",
                "sha256:b4726339a4c180a8b6ad9d8b50d2b6dc247e1b79b38fe2290549c98e82e4fd15",
                "sha256:ba36f6aa3f8933edf94ea35826daf92cbb3ec248b89eccdc053d4a815d285357",
                "sha256:bbc96bde544fd19e9ef168e4dfa5c3dfe704bfa78128fa76f361d64d6b0f731a",
                "sha256:c0c927f1e44469056f7f2dada266c79b577da378bbde3f6d2ada726d131e4824",
                "sha256:c0f9a3708008aa59f560fa1bd22385e05b79b8e38e0721a15a8402b089243442",
                "sha256:f0bf6f36ff9c5643004171f11d2fdc745aa3953c5aacf2536a0685db9ceb3fb1",
                "sha256:f5be39a0146be663cbf210a4d95c3c58b2d7df7b043c9047c5448e358f0550a2",
                "sha256:fcd198bf19d9213e5cbf2cde2b9ef20a9856e716f76f9476157f90ae6de06cc6"
            ],
            "markers": "implementation_name == 'cpython' and python_version < '3.7'",
            "version": "==1.2.0"
        },
        "urllib3": {
            "hashes": [
                "sha256:2393a695cd12afedd0dcb26fe5d50d0cf248e5a66f75dbd89a3d4eb333a61af4",
                "sha256:a637e5fae88995b256e3409dc4d52c2e2e0ba32c42a6365fee8bbd2238de3cfb"
            ],
            "version": "==1.24.3"
        },
        "werkzeug": {
            "hashes": [
                "sha256:837b71338794634c24713a79c3b9c287301433f2d18cd0adefcbcf885e60c8a1",
                "sha256:cc4b84a685bfa01163a0bb30738d0dfcffa6af411dd489aed90f37a61bc4af26"
            ],
            "index": "pypi",
            "version": "==0.11.9"
        },
        "wrapt": {
            "hashes": [
                "sha256:565a021fd19419476b9362b05eeaa094178de64f8361e44468f9e9d7843901e1"
            ],
            "version": "==1.11.2"
        }
    }
}
